
Microsoft Visual Studio Solution File, Format Version 12.00
# Visual Studio Version 16
VisualStudioVersion = 16.0.29306.81
MinimumVisualStudioVersion = 10.0.40219.1
Project("{FAE04EC0-301F-11D3-BF4B-00C04F79EFBC}") = "Test_maker", "Test_maker\Test_maker.csproj", "{1591AB04-A505-4FAF-9155-8E7A118F32D7}"
EndProject
Global
	GlobalSection(SolutionConfigurationPlatforms) = preSolution
		Debug|Any CPU = Debug|Any CPU
		Release|Any CPU = Release|Any CPU
	EndGlobalSection
	GlobalSection(ProjectConfigurationPlatforms) = postSolution
		{1591AB04-A505-4FAF-9155-8E7A118F32D7}.Debug|Any CPU.ActiveCfg = Debug|Any CPU
		{1591AB04-A505-4FAF-9155-8E7A118F32D7}.Debug|Any CPU.Build.0 = Debug|Any CPU
		{1591AB04-A505-4FAF-9155-8E7A118F32D7}.Release|Any CPU.ActiveCfg = Release|Any CPU
		{1591AB04-A505-4FAF-9155-8E7A118F32D7}.Release|Any CPU.Build.0 = Release|Any CPU
	EndGlobalSection
	GlobalSection(SolutionProperties) = preSolution
		HideSolutionNode = FALSE
	EndGlobalSection
	GlobalSection(ExtensibilityGlobals) = postSolution
		SolutionGuid = {4E779124-B66D-41B3-B4AF-79F5C4E9F690}
	EndGlobalSection
EndGlobal
